
Microsoft Visual Studio Solution File, Format Version 12.00
# Visual Studio Version 17
VisualStudioVersion = 17.0.31717.71
MinimumVisualStudioVersion = 15.0.26124.0
Project("{2150E333-8FDC-42A3-9474-1A3956D46DE8}") = "Solution Items", "Solution Items", "{29C81B48-7ADA-4C89-B454-45B623039C09}"
	ProjectSection(SolutionItems) = preProject
		..\.editorconfig = ..\.editorconfig
	EndProjectSection
EndProject
Project("{F2A71F9B-5D33-465A-A702-920D77279786}") = "WebApplication1", "WebApplication1\WebApplication1.fsproj", "{FAADF9A6-CB6D-49B9-8BAF-5D69A2B822FD}"
EndProject
Project("{FAE04EC0-301F-11D3-BF4B-00C04F79EFBC}") = "WebApplication2", "WebApplication2\WebApplication2.csproj", "{3260369C-01CE-420C-9164-DFFFB5060BAC}"
EndProject
Global
	GlobalSection(SolutionConfigurationPlatforms) = preSolution
		Debug|Any CPU = Debug|Any CPU
		Release|Any CPU = Release|Any CPU
	EndGlobalSection
	GlobalSection(ProjectConfigurationPlatforms) = postSolution
		{FAADF9A6-CB6D-49B9-8BAF-5D69A2B822FD}.Debug|Any CPU.ActiveCfg = Debug|Any CPU
		{FAADF9A6-CB6D-49B9-8BAF-5D69A2B822FD}.Debug|Any CPU.Build.0 = Debug|Any CPU
		{FAADF9A6-CB6D-49B9-8BAF-5D69A2B822FD}.Release|Any CPU.ActiveCfg = Release|Any CPU
		{FAADF9A6-CB6D-49B9-8BAF-5D69A2B822FD}.Release|Any CPU.Build.0 = Release|Any CPU
		{3260369C-01CE-420C-9164-DFFFB5060BAC}.Debug|Any CPU.ActiveCfg = Debug|Any CPU
		{3260369C-01CE-420C-9164-DFFFB5060BAC}.Debug|Any CPU.Build.0 = Debug|Any CPU
		{3260369C-01CE-420C-9164-DFFFB5060BAC}.Release|Any CPU.ActiveCfg = Release|Any CPU
		{3260369C-01CE-420C-9164-DFFFB5060BAC}.Release|Any CPU.Build.0 = Release|Any CPU
	EndGlobalSection
	GlobalSection(SolutionProperties) = preSolution
		HideSolutionNode = FALSE
	EndGlobalSection
	GlobalSection(ExtensibilityGlobals) = postSolution
		SolutionGuid = {EBF86A4A-E639-4F62-AAEE-EAD045707B45}
	EndGlobalSection
EndGlobal
